
Microsoft Visual Studio Solution File, Format Version 12.00
# Visual Studio Version 16
VisualStudioVersion = 16.0.30621.155
MinimumVisualStudioVersion = 10.0.40219.1
Project("{FAE04EC0-301F-11D3-BF4B-00C04F79EFBC}") = "GUI Cliente", "Duplex service WCF\GUI Cliente.csproj", "{D7CFD835-A31E-4626-8948-3F6EB2DDA80D}"
EndProject
Project("{FAE04EC0-301F-11D3-BF4B-00C04F79EFBC}") = "Contratos", "Contratos\Contratos.csproj", "{A3D57D03-530D-495C-A4D4-2D720A41C40A}"
EndProject
Project("{FAE04EC0-301F-11D3-BF4B-00C04F79EFBC}") = "Servidor", "Servidor\Servidor.csproj", "{7ED2B966-DB60-4710-81EC-877084A0C32C}"
EndProject
Global
	GlobalSection(SolutionConfigurationPlatforms) = preSolution
		Debug|Any CPU = Debug|Any CPU
		Release|Any CPU = Release|Any CPU
	EndGlobalSection
	GlobalSection(ProjectConfigurationPlatforms) = postSolution
		{D7CFD835-A31E-4626-8948-3F6EB2DDA80D}.Debug|Any CPU.ActiveCfg = Debug|Any CPU
		{D7CFD835-A31E-4626-8948-3F6EB2DDA80D}.Debug|Any CPU.Build.0 = Debug|Any CPU
		{D7CFD835-A31E-4626-8948-3F6EB2DDA80D}.Release|Any CPU.ActiveCfg = Release|Any CPU
		{D7CFD835-A31E-4626-8948-3F6EB2DDA80D}.Release|Any CPU.Build.0 = Release|Any CPU
		{A3D57D03-530D-495C-A4D4-2D720A41C40A}.Debug|Any CPU.ActiveCfg = Debug|Any CPU
		{A3D57D03-530D-495C-A4D4-2D720A41C40A}.Debug|Any CPU.Build.0 = Debug|Any CPU
		{A3D57D03-530D-495C-A4D4-2D720A41C40A}.Release|Any CPU.ActiveCfg = Release|Any CPU
		{A3D57D03-530D-495C-A4D4-2D720A41C40A}.Release|Any CPU.Build.0 = Release|Any CPU
		{7ED2B966-DB60-4710-81EC-877084A0C32C}.Debug|Any CPU.ActiveCfg = Debug|Any CPU
		{7ED2B966-DB60-4710-81EC-877084A0C32C}.Debug|Any CPU.Build.0 = Debug|Any CPU
		{7ED2B966-DB60-4710-81EC-877084A0C32C}.Release|Any CPU.ActiveCfg = Release|Any CPU
		{7ED2B966-DB60-4710-81EC-877084A0C32C}.Release|Any CPU.Build.0 = Release|Any CPU
	EndGlobalSection
	GlobalSection(SolutionProperties) = preSolution
		HideSolutionNode = FALSE
	EndGlobalSection
	GlobalSection(ExtensibilityGlobals) = postSolution
		SolutionGuid = {CC2B0172-17EB-4BA6-914A-886915175661}
	EndGlobalSection
EndGlobal
